{
  "nodes": {
    "aquamarine": {
      "inputs": {
        "hyprutils": [
          "hyprutils"
        ],
        "hyprwayland-scanner": [
          "hyprwayland-scanner"
        ],
        "nixpkgs": [
          "nixpkgs"
        ],
        "systems": [
          "systems"
        ]
      },
      "locked": {
        "lastModified": 1790080430,
        "narHash": "sha256-gNGdaeOX1QTkUtUbQrE9HxJa2eTeWhu5FfuhZVhr/qU=",
        "owner": "hyprwm",
        "repo": "aquamarine",
        "rev": "7bb8bdf4e8fedaf4dfae58512bc4c728671727df",
        "type": "github"
      },
      "original": {
        "owner": "hyprwm",
        "repo": "aquamarine",
        "rev": "7bb8bdf4e8fedaf4dfae58512bc4c728671727df",
        "type": "github"
      }
    },
    "aquamarine_2": {
      "inputs": {
        "hyprutils": [
          "hyprpolkitagent",
          "hyprutils"
        ],
        "hyprwayland-scanner": "hyprwayland-scanner",
        "nixpkgs": [
          "hyprpolkitagent",
          "nixpkgs"
        ],
        "systems": [
          "hyprpolkitagent",
          "systems"
        ]
      },
      "locked": {
        "lastModified": 1786464219,
        "narHash": "sha256-WKqWL8r7CyTDYueTr2ffJ9ya50dellv6IR1JX5PghDY=",
        "owner": "hyprwm",
        "repo": "aquamarine",
        "rev": "f3d1804205e8158c15595cdda1b566f93349ffae",
        "type": "github"
      },
      "original": {
        "owner": "hyprwm",
        "repo": "aquamarine",
        "type": "github"
      }
    },
    "aquamarine_3": {
      "inputs": {
        "hyprutils": [
          "xdph",
          "hyprutils"
        ],
        "hyprwayland-scanner": [
          "xdph",
          "hyprwayland-scanner"
        ],
        "nixpkgs": [
          "xdph",
          "nixpkgs"
        ],
        "systems": [
          "xdph",
          "systems"
        ]
      },
      "locked": {
        "lastModified": 1788444081,
        "narHash": "sha256-I8i97p9WBQaZQyyBaHFMt8e01VfgfFZSaO+vAUd0u0A=",
        "owner": "hyprwm",
        "repo": "aquamarine",
        "rev": "36b66db4ddd708ad19f5db850af6a478d8a19b2a",
        "type": "github"
      },
      "original": {
        "owner": "hyprwm",
        "repo": "aquamarine",
        "type": "github"
      }
    },
    "flake-compat": {
      "flake": false,
      "locked": {
        "lastModified": 1767039857,
        "narHash": "sha256-vNpUSpF5Nuw8xvDLj2KCwwksIbjua2LZCqhV1LNRDns=",
        "owner": "NixOS",
        "repo": "flake-compat",
        "rev": "5edf11c44bc78a0d334f6334cdaf7d60d732daab",
        "type": "github"
      },
      "original": {
        "owner": "NixOS",
        "repo": "flake-compat",
        "type": "github"
      }
    },
    "hyprcursor": {
      "inputs": {
        "hyprlang": [
          "hyprlang"
        ],
        "nixpkgs": [
          "nixpkgs"
        ],
        "systems": [
          "systems"
        ]
      },
      "locked": {
        "lastModified": 1786464181,
        "narHash": "sha256-2alOMkLjXANh7unkZnYnCF2K2rApZaOLMoQ3o+VX2CY=",
        "owner": "hyprwm",
        "repo": "hyprcursor",
        "rev": "e4ed7c08123df5af460a0a70961380cbfb872f76",
        "type": "github"
      },
      "original": {
        "owner": "hyprwm",
        "repo": "hyprcursor",
        "rev": "e4ed7c08123df5af460a0a70961380cbfb872f76",
        "type": "github"
      }
    },
    "hyprgraphics": {
      "inputs": {
        "hyprutils": [
          "hyprutils"
        ],
        "nixpkgs": [
          "nixpkgs"
        ],
        "systems": [
          "systems"
        ]
      },
      "locked": {
        "lastModified": 1786464367,
        "narHash": "sha256-k58p4wbzIXWyRWrW84pP8tD+iaZSSYiiM+fr0Auk4oU=",
        "owner": "hyprwm",
        "repo": "hyprgraphics",
        "rev": "7c895c44e3ca6d28ed68ddd80ec02b02b925e7fc",
        "type": "github"
      },
      "original": {
        "owner": "hyprwm",
        "repo": "hyprgraphics",
        "rev": "7c895c44e3ca6d28ed68ddd80ec02b02b925e7fc",
        "type": "github"
      }
    },
    "hyprgraphics_2": {
      "inputs": {
        "hyprutils": [
          "hyprpolkitagent",
          "hyprutils"
        ],
        "nixpkgs": [
          "hyprpolkitagent",
          "nixpkgs"
        ],
        "systems": [
          "hyprpolkitagent",
          "systems"
        ]
      },
      "locked": {
        "lastModified": 1786464367,
        "narHash": "sha256-k58p4wbzIXWyRWrW84pP8tD+iaZSSYiiM+fr0Auk4oU=",
        "owner": "hyprwm",
        "repo": "hyprgraphics",
        "rev": "7c895c44e3ca6d28ed68ddd80ec02b02b925e7fc",
        "type": "github"
      },
      "original": {
        "owner": "hyprwm",
        "repo": "hyprgraphics",
        "type": "github"
      }
    },
    "hyprgraphics_3": {
      "inputs": {
        "hyprutils": [
          "xdph",
          "hyprutils"
        ],
        "nixpkgs": [
          "xdph",
          "nixpkgs"
        ],
        "systems": [
          "xdph",
          "systems"
        ]
      },
      "locked": {
        "lastModified": 1786464367,
        "narHash": "sha256-k58p4wbzIXWyRWrW84pP8tD+iaZSSYiiM+fr0Auk4oU=",
        "owner": "hyprwm",
        "repo": "hyprgraphics",
        "rev": "7c895c44e3ca6d28ed68ddd80ec02b02b925e7fc",
        "type": "github"
      },
      "original": {
        "owner": "hyprwm",
        "repo": "hyprgraphics",
        "type": "github"
      }
    },
    "hypridle": {
      "inputs": {
        "hyprland-protocols": [
          "hyprland-protocols"
        ],
        "hyprlang": [
          "hyprlang"
        ],
        "hyprutils": [
          "hyprutils"
        ],
        "hyprwayland-scanner": [
          "hyprwayland-scanner"
        ],
        "nixpkgs": [
          "nixpkgs"
        ],
        "systems": [
          "systems"
        ]
      },
      "locked": {
        "lastModified": 1786465315,
        "narHash": "sha256-+qflH9Z86YZqL69GMC8fAc6Crw0pAbMqgCUibo+iL3A=",
        "owner": "hyprwm",
        "repo": "hypridle",
        "rev": "aa958ed7ad4863860b93ecd7189419e193bfae2c",
        "type": "github"
      },
      "original": {
        "owner": "hyprwm",
        "repo": "hypridle",
        "rev": "aa958ed7ad4863860b93ecd7189419e193bfae2c",
        "type": "github"
      }
    },
    "hyprland": {
      "inputs": {
        "aquamarine": [
          "aquamarine"
        ],
        "hyprcursor": [
          "hyprcursor"
        ],
        "hyprgraphics": [
          "hyprgraphics"
        ],
        "hyprland-guiutils": [
          "hyprland-guiutils"
        ],
        "hyprland-protocols": [
          "hyprland-protocols"
        ],
        "hyprlang": [
          "hyprlang"
        ],
        "hyprutils": [
          "hyprutils"
        ],
        "hyprwayland-scanner": [
          "hyprwayland-scanner"
        ],
        "hyprwire": [
          "hyprwire"
        ],
        "nixpkgs": [
          "nixpkgs"
        ],
        "pre-commit-hooks": "pre-commit-hooks",
        "systems": [
          "systems"
        ],
        "xdph": [
          "xdph"
        ]
      },
      "locked": {
        "lastModified": 1790173459,
        "narHash": "sha256-6/r7tBSiLpohq6hYBLmiuc6KdgTjo6Rers3lE3V3zBM=",
        "owner": "hyprwm",
        "repo": "hyprland",
        "rev": "e368c13c27a42a173b9e08fa0bf413f9f7073187",
        "type": "github"
      },
      "original": {
        "owner": "hyprwm",
        "repo": "hyprland",
        "rev": "e368c13c27a42a173b9e08fa0bf413f9f7073187",
        "type": "github"
      }
    },
    "hyprland-guiutils": {
      "inputs": {
        "aquamarine": [
          "aquamarine"
        ],
        "hyprgraphics": [
          "hyprgraphics"
        ],
        "hyprlang": [
          "hyprlang"
        ],
        "hyprtoolkit": [
          "hyprtoolkit"
        ],
        "hyprutils": [
          "hyprutils"
        ],
        "hyprwayland-scanner": [
          "hyprwayland-scanner"
        ],
        "nixpkgs": [
          "nixpkgs"
        ],
        "systems": [
          "systems"
        ]
      },
      "locked": {
        "lastModified": 1786464504,
        "narHash": "sha256-7sHwM86KILQyHDHDuE2SDBlQ2jvZ0EW3hY7sW009/cg=",
        "owner": "hyprwm",
        "repo": "hyprland-guiutils",
        "rev": "4c30cf3097ea963c0e250749ee0c59f8b08816d6",
        "type": "github"
      },
      "original": {
        "owner": "hyprwm",
        "repo": "hyprland-guiutils",
        "rev": "4c30cf3097ea963c0e250749ee0c59f8b08816d6",
        "type": "github"
      }
    },
    "hyprland-protocols": {
      "inputs": {
        "nixpkgs": [
          "nixpkgs"
        ],
        "systems": [
          "systems"
        ]
      },
      "locked": {
        "lastModified": 1789475883,
        "narHash": "sha256-YRFLrPESYitsDYqQKquOFg8OWNI7tHKwPnTrTZWXxWY=",
        "owner": "hyprwm",
        "repo": "hyprland-protocols",
        "rev": "cc9a8fd253bdc00f48a967ecf4828211ef08751f",
        "type": "github"
      },
      "original": {
        "owner": "hyprwm",
        "ref": "v0.7.1",
        "repo": "hyprland-protocols",
        "type": "github"
      }
    },
    "hyprland-qt-support": {
      "inputs": {
        "nixpkgs": [
          "nixpkgs"
        ],
        "systems": [
          "systems"
        ]
      },
      "locked": {
        "lastModified": 1736373635,
        "narHash": "sha256-+uZovj+X0a28172y0o0BvgGXyZLpKPbG03sVlCiSrWc=",
        "owner": "hyprwm",
        "repo": "hyprland-qt-support",
        "rev": "9d4437011b4f02e60e98a3e36c7fa14bb053b502",
        "type": "github"
      },
      "original": {
        "owner": "hyprwm",
        "ref": "v0.1.0",
        "repo": "hyprland-qt-support",
        "type": "github"
      }
    },
    "hyprlang": {
      "inputs": {
        "hyprutils": [
          "hyprutils"
        ],
        "nixpkgs": [
          "nixpkgs"
        ],
        "systems": [
          "systems"
        ]
      },
      "locked": {
        "lastModified": 1786464129,
        "narHash": "sha256-339AkTlpMYSIvFuG0rnR+8Yg4/AZKeJalshJavlnKfg=",
        "owner": "hyprwm",
        "repo": "hyprlang",
        "rev": "9508458be316a0d70d37ebed1ab725ccd10411ff",
        "type": "github"
      },
      "original": {
        "owner": "hyprwm",
        "repo": "hyprlang",
        "rev": "9508458be316a0d70d37ebed1ab725ccd10411ff",
        "type": "github"
      }
    },
    "hyprlang_2": {
      "inputs": {
        "hyprutils": [
          "hyprpolkitagent",
          "hyprutils"
        ],
        "nixpkgs": [
          "hyprpolkitagent",
          "nixpkgs"
        ],
        "systems": [
          "hyprpolkitagent",
          "systems"
        ]
      },
      "locked": {
        "lastModified": 1786464129,
        "narHash": "sha256-339AkTlpMYSIvFuG0rnR+8Yg4/AZKeJalshJavlnKfg=",
        "owner": "hyprwm",
        "repo": "hyprlang",
        "rev": "9508458be316a0d70d37ebed1ab725ccd10411ff",
        "type": "github"
      },
      "original": {
        "owner": "hyprwm",
        "repo": "hyprlang",
        "type": "github"
      }
    },
    "hyprlauncher": {
      "inputs": {
        "aquamarine": [
          "aquamarine"
        ],
        "hyprgraphics": [
          "hyprgraphics"
        ],
        "hyprlang": [
          "hyprlang"
        ],
        "hyprtoolkit": [
          "hyprtoolkit"
        ],
        "hyprutils": [
          "hyprutils"
        ],
        "hyprwayland-scanner": [
          "hyprwayland-scanner"
        ],
        "hyprwire": [
          "hyprwire"
        ],
        "nixpkgs": [
          "nixpkgs"
        ],
        "systems": [
          "systems"
        ]
      },
      "locked": {
        "lastModified": 1788960399,
        "narHash": "sha256-SOr8P3nkyFfgnXtGPNamZ8BqWAdedG/K7PmFSmVBZi0=",
        "owner": "hyprwm",
        "repo": "hyprlauncher",
        "rev": "339be04ba0fa8cde392dd0bae85cb23bf09212a5",
        "type": "github"
      },
      "original": {
        "owner": "hyprwm",
        "repo": "hyprlauncher",
        "rev": "339be04ba0fa8cde392dd0bae85cb23bf09212a5",
        "type": "github"
      }
    },
    "hyprlock": {
      "inputs": {
        "hyprgraphics": [
          "hyprgraphics"
        ],
        "hyprlang": [
          "hyprlang"
        ],
        "hyprutils": [
          "hyprutils"
        ],
        "hyprwayland-scanner": [
          "hyprwayland-scanner"
        ],
        "nixpkgs": [
          "nixpkgs"
        ],
        "systems": [
          "systems"
        ]
      },
      "locked": {
        "lastModified": 1786465352,
        "narHash": "sha256-N0+NnYkgNmAEoSua6pgDJ5wrmrBYRCNh6cwgAQA/7ys=",
        "owner": "hyprwm",
        "repo": "hyprlock",
        "rev": "0332e40b8e56404f11cd79f859f208a4b9de8714",
        "type": "github"
      },
      "original": {
        "owner": "hyprwm",
        "repo": "hyprlock",
        "rev": "0332e40b8e56404f11cd79f859f208a4b9de8714",
        "type": "github"
      }
    },
    "hyprpaper": {
      "inputs": {
        "aquamarine": [
          "aquamarine"
        ],
        "hyprgraphics": [
          "hyprgraphics"
        ],
        "hyprlang": [
          "hyprlang"
        ],
        "hyprtoolkit": [
          "hyprtoolkit"
        ],
        "hyprutils": [
          "hyprutils"
        ],
        "hyprwayland-scanner": [
          "hyprwayland-scanner"
        ],
        "hyprwire": [
          "hyprwire"
        ],
        "nixpkgs": [
          "nixpkgs"
        ],
        "systems": [
          "systems"
        ]
      },
      "locked": {
        "lastModified": 1786644848,
        "narHash": "sha256-31/Mc3h5BtNi1Vh0+/W13RMjHCOhQlSOXqdseMAlV2Y=",
        "owner": "hyprwm",
        "repo": "hyprpaper",
        "rev": "39029bdfda857a5ea60340a427681893d12d4892",
        "type": "github"
      },
      "original": {
        "owner": "hyprwm",
        "repo": "hyprpaper",
        "rev": "39029bdfda857a5ea60340a427681893d12d4892",
        "type": "github"
      }
    },
    "hyprpicker": {
      "inputs": {
        "hyprutils": [
          "hyprutils"
        ],
        "hyprwayland-scanner": [
          "hyprwayland-scanner"
        ],
        "nixpkgs": [
          "nixpkgs"
        ],
        "systems": [
          "systems"
        ]
      },
      "locked": {
        "lastModified": 1788270421,
        "narHash": "sha256-KtzKVSHzXuM6YW/yPZQ8OFHL8ZzSWAT3Y770KOAixWE=",
        "owner": "hyprwm",
        "repo": "hyprpicker",
        "rev": "5c451cb4e9d6b1bd2f729d68de8aa114112c7390",
        "type": "github"
      },
      "original": {
        "owner": "hyprwm",
        "repo": "hyprpicker",
        "rev": "5c451cb4e9d6b1bd2f729d68de8aa114112c7390",
        "type": "github"
      }
    },
    "hyprpolkitagent": {
      "inputs": {
        "aquamarine": "aquamarine_2",
        "hyprgraphics": "hyprgraphics_2",
        "hyprlang": "hyprlang_2",
        "hyprtoolkit": "hyprtoolkit",
        "hyprutils": [
          "hyprutils"
        ],
        "nixpkgs": [
          "nixpkgs"
        ],
        "systems": [
          "systems"
        ]
      },
      "locked": {
        "lastModified": 1788960496,
        "narHash": "sha256-Ygn+TD4GI3jSKCBNohgITdSicAgMCDq1lJzNN5QR/5o=",
        "owner": "hyprwm",
        "repo": "hyprpolkitagent",
        "rev": "0e4492994e211b9af9365f16a9fda35d32e106bb",
        "type": "github"
      },
      "original": {
        "owner": "hyprwm",
        "repo": "hyprpolkitagent",
        "rev": "0e4492994e211b9af9365f16a9fda35d32e106bb",
        "type": "github"
      }
    },
    "hyprpwcenter": {
      "inputs": {
        "aquamarine": [
          "aquamarine"
        ],
        "hyprgraphics": [
          "hyprgraphics"
        ],
        "hyprtoolkit": [
          "hyprtoolkit"
        ],
        "hyprutils": [
          "hyprutils"
        ],
        "nixpkgs": [
          "nixpkgs"
        ],
        "systems": [
          "systems"
        ]
      },
      "locked": {
        "lastModified": 1787226095,
        "narHash": "sha256-EzFB8kKWoj6xKxgDKhuIW1uZBjJAKBi76I3A01S3H00=",
        "owner": "hyprwm",
        "repo": "hyprpwcenter",
        "rev": "fe3c07de0b768713aaec409f392ee1261a5c6d28",
        "type": "github"
      },
      "original": {
        "owner": "hyprwm",
        "repo": "hyprpwcenter",
        "rev": "fe3c07de0b768713aaec409f392ee1261a5c6d28",
        "type": "github"
      }
    },
    "hyprshutdown": {
      "inputs": {
        "aquamarine": [
          "aquamarine"
        ],
        "hyprgraphics": [
          "hyprgraphics"
        ],
        "hyprtoolkit": [
          "hyprtoolkit"
        ],
        "hyprutils": [
          "hyprutils"
        ],
        "nixpkgs": [
          "nixpkgs"
        ],
        "systems": [
          "systems"
        ]
      },
      "locked": {
        "lastModified": 1786465429,
        "narHash": "sha256-syVnomeFSHvXM3tzPBfwX6//R0yjZif7XdOeZmTxPZU=",
        "owner": "hyprwm",
        "repo": "hyprshutdown",
        "rev": "2d011c4a3dfb990004450e785608e91635f3d146",
        "type": "github"
      },
      "original": {
        "owner": "hyprwm",
        "repo": "hyprshutdown",
        "rev": "2d011c4a3dfb990004450e785608e91635f3d146",
        "type": "github"
      }
    },
    "hyprsunset": {
      "inputs": {
        "hyprland-protocols": [
          "hyprland-protocols"
        ],
        "hyprlang": [
          "hyprlang"
        ],
        "hyprutils": [
          "hyprutils"
        ],
        "hyprwayland-scanner": [
          "hyprwayland-scanner"
        ],
        "nixpkgs": [
          "nixpkgs"
        ],
        "systems": [
          "systems"
        ]
      },
      "locked": {
        "lastModified": 1786805666,
        "narHash": "sha256-0xIRe6Lulmdzd4IjA3Xx+ZRdJFxCYfUOqo3I2anQlAQ=",
        "owner": "hyprwm",
        "repo": "hyprsunset",
        "rev": "d729fc124fc93d93f5ad795e59c4ff30377fc4d4",
        "type": "github"
      },
      "original": {
        "owner": "hyprwm",
        "repo": "hyprsunset",
        "rev": "d729fc124fc93d93f5ad795e59c4ff30377fc4d4",
        "type": "github"
      }
    },
    "hyprtoolkit": {
      "inputs": {
        "aquamarine": [
          "hyprpolkitagent",
          "aquamarine"
        ],
        "hyprgraphics": [
          "hyprpolkitagent",
          "hyprgraphics"
        ],
        "hyprlang": [
          "hyprpolkitagent",
          "hyprlang"
        ],
        "hyprutils": [
          "hyprpolkitagent",
          "hyprutils"
        ],
        "hyprwayland-scanner": "hyprwayland-scanner_2",
        "nixpkgs": [
          "hyprpolkitagent",
          "nixpkgs"
        ],
        "systems": [
          "hyprpolkitagent",
          "systems"
        ]
      },
      "locked": {
        "lastModified": 1786464731,
        "narHash": "sha256-USQr9G+TZbHbBHXRwgqTNQ/rQZjDCVByngD/7HuZhmY=",
        "owner": "hyprwm",
        "repo": "hyprtoolkit",
        "rev": "be487c470a1a10011fb8dccf9fc0f12f1e006cac",
        "type": "github"
      },
      "original": {
        "owner": "hyprwm",
        "repo": "hyprtoolkit",
        "type": "github"
      }
    },
    "hyprtoolkit_2": {
      "inputs": {
        "aquamarine": [
          "aquamarine"
        ],
        "hyprgraphics": [
          "hyprgraphics"
        ],
        "hyprlang": [
          "hyprlang"
        ],
        "hyprutils": [
          "hyprutils"
        ],
        "hyprwayland-scanner": [
          "hyprwayland-scanner"
        ],
        "nixpkgs": [
          "nixpkgs"
        ],
        "systems": [
          "systems"
        ]
      },
      "locked": {
        "lastModified": 1789562890,
        "narHash": "sha256-LFzeVJkDMQLjCpi55S9oc3N/wMrW2RCS1ShPL+1HB78=",
        "owner": "hyprwm",
        "repo": "hyprtoolkit",
        "rev": "b3f2d0e725e4eaf804af7e529cb69bbed43d1a04",
        "type": "github"
      },
      "original": {
        "owner": "hyprwm",
        "repo": "hyprtoolkit",
        "rev": "b3f2d0e725e4eaf804af7e529cb69bbed43d1a04",
        "type": "github"
      }
    },
    "hyprtoolkit_3": {
      "inputs": {
        "aquamarine": [
          "xdph",
          "aquamarine"
        ],
        "hyprgraphics": [
          "xdph",
          "hyprgraphics"
        ],
        "hyprlang": [
          "xdph",
          "hyprlang"
        ],
        "hyprutils": [
          "xdph",
          "hyprutils"
        ],
        "hyprwayland-scanner": [
          "xdph",
          "hyprwayland-scanner"
        ],
        "nixpkgs": [
          "xdph",
          "nixpkgs"
        ],
        "systems": [
          "xdph",
          "systems"
        ]
      },
      "locked": {
        "lastModified": 1789562890,
        "narHash": "sha256-LFzeVJkDMQLjCpi55S9oc3N/wMrW2RCS1ShPL+1HB78=",
        "owner": "hyprwm",
        "repo": "hyprtoolkit",
        "rev": "b3f2d0e725e4eaf804af7e529cb69bbed43d1a04",
        "type": "github"
      },
      "original": {
        "owner": "hyprwm",
        "repo": "hyprtoolkit",
        "type": "github"
      }
    },
    "hyprutils": {
      "inputs": {
        "nixpkgs": [
          "nixpkgs"
        ],
        "systems": [
          "systems"
        ]
      },
      "locked": {
        "lastModified": 1789968180,
        "narHash": "sha256-YGRfhw+fJW7oKW3IspoceD34jeokN1KXNxKU6APlFH4=",
        "owner": "hyprwm",
        "repo": "hyprutils",
        "rev": "95983ee836ff205e615bba67d1f67098e1231941",
        "type": "github"
      },
      "original": {
        "owner": "hyprwm",
        "repo": "hyprutils",
        "rev": "95983ee836ff205e615bba67d1f67098e1231941",
        "type": "github"
      }
    },
    "hyprwayland-scanner": {
      "inputs": {
        "nixpkgs": [
          "hyprpolkitagent",
          "aquamarine",
          "nixpkgs"
        ],
        "systems": [
          "hyprpolkitagent",
          "aquamarine",
          "systems"
        ]
      },
      "locked": {
        "lastModified": 1786464033,
        "narHash": "sha256-QM8Qe4/L8lpdVN4bgwahmi+jyyc4fisseDMe4afcDxA=",
        "owner": "hyprwm",
        "repo": "hyprwayland-scanner",
        "rev": "62e62c1ca23da17612c6890d4ad2064f575643db",
        "type": "github"
      },
      "original": {
        "owner": "hyprwm",
        "repo": "hyprwayland-scanner",
        "type": "github"
      }
    },
    "hyprwayland-scanner_2": {
      "inputs": {
        "nixpkgs": [
          "hyprpolkitagent",
          "hyprtoolkit",
          "nixpkgs"
        ],
        "systems": [
          "hyprpolkitagent",
          "hyprtoolkit",
          "systems"
        ]
      },
      "locked": {
        "lastModified": 1786464033,
        "narHash": "sha256-QM8Qe4/L8lpdVN4bgwahmi+jyyc4fisseDMe4afcDxA=",
        "owner": "hyprwm",
        "repo": "hyprwayland-scanner",
        "rev": "62e62c1ca23da17612c6890d4ad2064f575643db",
        "type": "github"
      },
      "original": {
        "owner": "hyprwm",
        "repo": "hyprwayland-scanner",
        "type": "github"
      }
    },
    "hyprwayland-scanner_3": {
      "inputs": {
        "nixpkgs": [
          "nixpkgs"
        ],
        "systems": [
          "systems"
        ]
      },
      "locked": {
        "lastModified": 1786464033,
        "narHash": "sha256-QM8Qe4/L8lpdVN4bgwahmi+jyyc4fisseDMe4afcDxA=",
        "owner": "hyprwm",
        "repo": "hyprwayland-scanner",
        "rev": "62e62c1ca23da17612c6890d4ad2064f575643db",
        "type": "github"
      },
      "original": {
        "owner": "hyprwm",
        "repo": "hyprwayland-scanner",
        "rev": "62e62c1ca23da17612c6890d4ad2064f575643db",
        "type": "github"
      }
    },
    "hyprwire": {
      "inputs": {
        "hyprutils": [
          "hyprutils"
        ],
        "nixpkgs": [
          "nixpkgs"
        ],
        "systems": [
          "systems"
        ]
      },
      "locked": {
        "lastModified": 1786464294,
        "narHash": "sha256-ZQsZ2WvBdkboCIyh8LStDPdAIARmxzn0XMNxxoOhjPE=",
        "owner": "hyprwm",
        "repo": "hyprwire",
        "rev": "4ce7cd6b6128c1ac41caf23c58a30a26b327f9dd",
        "type": "github"
      },
      "original": {
        "owner": "hyprwm",
        "repo": "hyprwire",
        "rev": "4ce7cd6b6128c1ac41caf23c58a30a26b327f9dd",
        "type": "github"
      }
    },
    "nixpkgs": {
      "locked": {
        "lastModified": 1789785513,
        "narHash": "sha256-B44WL6h0XoLjJ41bUPJk0X5SDinLCII//6EcBLXKiJ0=",
        "owner": "NixOS",
        "repo": "nixpkgs",
        "rev": "20b1ddd1aa5ace70c9468305030aa4f9ef79671b",
        "type": "github"
      },
      "original": {
        "owner": "NixOS",
        "ref": "nixos-unstable",
        "repo": "nixpkgs",
        "type": "github"
      }
    },
    "pre-commit-hooks": {
      "inputs": {
        "flake-compat": "flake-compat",
        "nixpkgs": [
          "hyprland",
          "nixpkgs"
        ]
      },
      "locked": {
        "lastModified": 1789514889,
        "narHash": "sha256-PFD1nxptCXJyJoiYO1gf/5Vv43yqGpHtMC6LUhl9/pQ=",
        "owner": "cachix",
        "repo": "git-hooks.nix",
        "rev": "59f4ca0d063a1a3ec722c88b51a33004862e5379",
        "type": "github"
      },
      "original": {
        "owner": "cachix",
        "repo": "git-hooks.nix",
        "type": "github"
      }
    },
    "root": {
      "inputs": {
        "aquamarine": "aquamarine",
        "hyprcursor": "hyprcursor",
        "hyprgraphics": "hyprgraphics",
        "hypridle": "hypridle",
        "hyprland": "hyprland",
        "hyprland-guiutils": "hyprland-guiutils",
        "hyprland-protocols": "hyprland-protocols",
        "hyprland-qt-support": "hyprland-qt-support",
        "hyprlang": "hyprlang",
        "hyprlauncher": "hyprlauncher",
        "hyprlock": "hyprlock",
        "hyprpaper": "hyprpaper",
        "hyprpicker": "hyprpicker",
        "hyprpolkitagent": "hyprpolkitagent",
        "hyprpwcenter": "hyprpwcenter",
        "hyprshutdown": "hyprshutdown",
        "hyprsunset": "hyprsunset",
        "hyprtoolkit": "hyprtoolkit_2",
        "hyprutils": "hyprutils",
        "hyprwayland-scanner": "hyprwayland-scanner_3",
        "hyprwire": "hyprwire",
        "nixpkgs": "nixpkgs",
        "systems": "systems",
        "xdph": "xdph"
      }
    },
    "systems": {
      "locked": {
        "lastModified": 1689347949,
        "narHash": "sha256-12tWmuL2zgBgZkdoB6qXZsgJEH9LR3oUgpaQq2RbI80=",
        "owner": "nix-systems",
        "repo": "default-linux",
        "rev": "31732fcf5e8fea42e59c2488ad31a0e651500f68",
        "type": "github"
      },
      "original": {
        "owner": "nix-systems",
        "repo": "default-linux",
        "type": "github"
      }
    },
    "xdph": {
      "inputs": {
        "aquamarine": "aquamarine_3",
        "hyprgraphics": "hyprgraphics_3",
        "hyprland-protocols": [
          "hyprland-protocols"
        ],
        "hyprlang": [
          "hyprlang"
        ],
        "hyprtoolkit": "hyprtoolkit_3",
        "hyprutils": [
          "hyprutils"
        ],
        "hyprwayland-scanner": [
          "hyprwayland-scanner"
        ],
        "nixpkgs": [
          "nixpkgs"
        ],
        "systems": [
          "systems"
        ]
      },
      "locked": {
        "lastModified": 1790080407,
        "narHash": "sha256-uKM+FAvcllYFcHoh4LEmyB0CGLaT3dMOjK4dxXyIIgc=",
        "owner": "hyprwm",
        "repo": "xdg-desktop-portal-hyprland",
        "rev": "e87ae7823e7bf0601385220c69b5a3b245123fc5",
        "type": "github"
      },
      "original": {
        "owner": "hyprwm",
        "repo": "xdg-desktop-portal-hyprland",
        "rev": "e87ae7823e7bf0601385220c69b5a3b245123fc5",
        "type": "github"
      }
    }
  },
  "root": "root",
  "version": 7
}
